
Microsoft Visual Studio Solution File, Format Version 10.00
# Visual C++ Express 2008
Project("{8BC9CEB8-8B4A-11D0-8D11-00A0C91BC942}") = "putty", "PUTTY.vcproj", "{23F6CFD2-7E19-4273-9B39-6023A713DD78}"
EndProject
Global
	GlobalSection(SolutionConfigurationPlatforms) = preSolution
		Debug|Win32 = Debug|Win32
		Release|Win32 = Release|Win32
	EndGlobalSection
	GlobalSection(ProjectConfigurationPlatforms) = postSolution
		{23F6CFD2-7E19-4273-9B39-6023A713DD78}.Debug|Win32.ActiveCfg = Debug|Win32
		{23F6CFD2-7E19-4273-9B39-6023A713DD78}.Debug|Win32.Build.0 = Debug|Win32
		{23F6CFD2-7E19-4273-9B39-6023A713DD78}.Release|Win32.ActiveCfg = Release|Win32
		{23F6CFD2-7E19-4273-9B39-6023A713DD78}.Release|Win32.Build.0 = Release|Win32
	EndGlobalSection
	GlobalSection(SolutionProperties) = preSolution
		HideSolutionNode = FALSE
	EndGlobalSection
EndGlobal
